// !$*UTF8*$!
{
	archiveVersion = 1;
	classes = {
	};
	objectVersion = 50;
	objects = {

/* Begin PBXBuildFile section */
		DF07E671263527D500EE70B0 /* AppDelegate.swift in Sources */ = {isa = PBXBuildFile; fileRef = DF07E670263527D500EE70B0 /* AppDelegate.swift */; };
		DF07E673263527D500EE70B0 /* SceneDelegate.swift in Sources */ = {isa = PBXBuildFile; fileRef = DF07E672263527D500EE70B0 /* SceneDelegate.swift */; };
		DF07E675263527D500EE70B0 /* ViewController.swift in Sources */ = {isa = PBXBuildFile; fileRef = DF07E674263527D500EE70B0 /* ViewController.swift */; };
		DF07E678263527D500EE70B0 /* Main.storyboard in Resources */ = {isa = PBXBuildFile; fileRef = DF07E676263527D500EE70B0 /* Main.storyboard */; };
		DF07E67B263527D500EE70B0 /* AnotherWorld.xcdatamodeld in Sources */ = {isa = PBXBuildFile; fileRef = DF07E679263527D500EE70B0 /* AnotherWorld.xcdatamodeld */; };
		DF07E67D263527D600EE70B0 /* Assets.xcassets in Resources */ = {isa = PBXBuildFile; fileRef = DF07E67C263527D600EE70B0 /* Assets.xcassets */; };
		DF07E680263527D600EE70B0 /* LaunchScreen.storyboard in Resources */ = {isa = PBXBuildFile; fileRef = DF07E67E263527D600EE70B0 /* LaunchScreen.storyboard */; };
		DFAA2C152635B73800562DD6 /* Sora-ExtraBold.ttf in Resources */ = {isa = PBXBuildFile; fileRef = DFAA2C0D2635B73800562DD6 /* Sora-ExtraBold.ttf */; };
		DFAA2C162635B73800562DD6 /* Sora-Light.ttf in Resources */ = {isa = PBXBuildFile; fileRef = DFAA2C0E2635B73800562DD6 /* Sora-Light.ttf */; };
		DFAA2C172635B73800562DD6 /* Sora-Regular.ttf in Resources */ = {isa = PBXBuildFile; fileRef = DFAA2C0F2635B73800562DD6 /* Sora-Regular.ttf */; };
		DFAA2C182635B73800562DD6 /* Sora-Thin.ttf in Resources */ = {isa = PBXBuildFile; fileRef = DFAA2C102635B73800562DD6 /* Sora-Thin.ttf */; };
		DFAA2C192635B73800562DD6 /* Sora-Medium.ttf in Resources */ = {isa = PBXBuildFile; fileRef = DFAA2C112635B73800562DD6 /* Sora-Medium.ttf */; };
		DFAA2C1B2635B73800562DD6 /* Sora-Bold.ttf in Resources */ = {isa = PBXBuildFile; fileRef = DFAA2C132635B73800562DD6 /* Sora-Bold.ttf */; };
		DFAA2C1C2635B73800562DD6 /* Sora-SemiBold.ttf in Resources */ = {isa = PBXBuildFile; fileRef = DFAA2C142635B73800562DD6 /* Sora-SemiBold.ttf */; };
		DFD174162636C5D40037A2F1 /* IconTextField.swift in Sources */ = {isa = PBXBuildFile; fileRef = DFD174152636C5D40037A2F1 /* IconTextField.swift */; };
		DFD1741A2636E77A0037A2F1 /* LongButton.swift in Sources */ = {isa = PBXBuildFile; fileRef = DFD174192636E77A0037A2F1 /* LongButton.swift */; };
		DFD1741D263727900037A2F1 /* SignUpViewController.swift in Sources */ = {isa = PBXBuildFile; fileRef = DFD1741C263727900037A2F1 /* SignUpViewController.swift */; };
/* End PBXBuildFile section */

/* Begin PBXFileReference section */
		DF07E66D263527D500EE70B0 /* AnotherWorld.app */ = {isa = PBXFileReference; explicitFileType = wrapper.application; includeInIndex = 0; path = AnotherWorld.app; sourceTree = BUILT_PRODUCTS_DIR; };
		DF07E670263527D500EE70B0 /* AppDelegate.swift */ = {isa = PBXFileReference; lastKnownFileType = sourcecode.swift; path = AppDelegate.swift; sourceTree = "<group>"; };
		DF07E672263527D500EE70B0 /* SceneDelegate.swift */ = {isa = PBXFileReference; lastKnownFileType = sourcecode.swift; path = SceneDelegate.swift; sourceTree = "<group>"; };
		DF07E674263527D500EE70B0 /* ViewController.swift */ = {isa = PBXFileReference; lastKnownFileType = sourcecode.swift; path = ViewController.swift; sourceTree = "<group>"; };
		DF07E677263527D500EE70B0 /* Base */ = {isa = PBXFileReference; lastKnownFileType = file.storyboard; name = Base; path = Base.lproj/Main.storyboard; sourceTree = "<group>"; };
		DF07E67A263527D500EE70B0 /* AnotherWorld.xcdatamodel */ = {isa = PBXFileReference; lastKnownFileType = wrapper.xcdatamodel; path = AnotherWorld.xcdatamodel; sourceTree = "<group>"; };
		DF07E67C263527D600EE70B0 /* Assets.xcassets */ = {isa = PBXFileReference; lastKnownFileType = folder.assetcatalog; path = Assets.xcassets; sourceTree = "<group>"; };
		DF07E67F263527D600EE70B0 /* Base */ = {isa = PBXFileReference; lastKnownFileType = file.storyboard; name = Base; path = Base.lproj/LaunchScreen.storyboard; sourceTree = "<group>"; };
		DF07E681263527D600EE70B0 /* Info.plist */ = {isa = PBXFileReference; lastKnownFileType = text.plist.xml; path = Info.plist; sourceTree = "<group>"; };
		DFAA2C0D2635B73800562DD6 /* Sora-ExtraBold.ttf */ = {isa = PBXFileReference; lastKnownFileType = file; path = "Sora-ExtraBold.ttf"; sourceTree = "<group>"; };
		DFAA2C0E2635B73800562DD6 /* Sora-Light.ttf */ = {isa = PBXFileReference; lastKnownFileType = file; path = "Sora-Light.ttf"; sourceTree = "<group>"; };
		DFAA2C0F2635B73800562DD6 /* Sora-Regular.ttf */ = {isa = PBXFileReference; lastKnownFileType = file; path = "Sora-Regular.ttf"; sourceTree = "<group>"; };
		DFAA2C102635B73800562DD6 /* Sora-Thin.ttf */ = {isa = PBXFileReference; lastKnownFileType = file; path = "Sora-Thin.ttf"; sourceTree = "<group>"; };
		DFAA2C112635B73800562DD6 /* Sora-Medium.ttf */ = {isa = PBXFileReference; lastKnownFileType = file; path = "Sora-Medium.ttf"; sourceTree = "<group>"; };
		DFAA2C132635B73800562DD6 /* Sora-Bold.ttf */ = {isa = PBXFileReference; lastKnownFileType = file; path = "Sora-Bold.ttf"; sourceTree = "<group>"; };
		DFAA2C142635B73800562DD6 /* Sora-SemiBold.ttf */ = {isa = PBXFileReference; lastKnownFileType = file; path = "Sora-SemiBold.ttf"; sourceTree = "<group>"; };
		DFD174152636C5D40037A2F1 /* IconTextField.swift */ = {isa = PBXFileReference; lastKnownFileType = sourcecode.swift; path = IconTextField.swift; sourceTree = "<group>"; };
		DFD174192636E77A0037A2F1 /* LongButton.swift */ = {isa = PBXFileReference; lastKnownFileType = sourcecode.swift; path = LongButton.swift; sourceTree = "<group>"; };
		DFD1741C263727900037A2F1 /* SignUpViewController.swift */ = {isa = PBXFileReference; lastKnownFileType = sourcecode.swift; path = SignUpViewController.swift; sourceTree = "<group>"; };
/* End PBXFileReference section */

/* Begin PBXFrameworksBuildPhase section */
		DF07E66A263527D500EE70B0 /* Frameworks */ = {
			isa = PBXFrameworksBuildPhase;
			buildActionMask = 2147483647;
			files = (
			);
			runOnlyForDeploymentPostprocessing = 0;
		};
/* End PBXFrameworksBuildPhase section */

/* Begin PBXGroup section */
		DF07E664263527D500EE70B0 = {
			isa = PBXGroup;
			children = (
				DF07E66F263527D500EE70B0 /* AnotherWorld */,
				DF07E66E263527D500EE70B0 /* Products */,
			);
			sourceTree = "<group>";
		};
		DF07E66E263527D500EE70B0 /* Products */ = {
			isa = PBXGroup;
			children = (
				DF07E66D263527D500EE70B0 /* AnotherWorld.app */,
			);
			name = Products;
			sourceTree = "<group>";
		};
		DF07E66F263527D500EE70B0 /* AnotherWorld */ = {
			isa = PBXGroup;
			children = (
				DFB98BDB2636C2E7000DAF36 /* Controller */,
				DFB98BDA2636C2D1000DAF36 /* View */,
				DFB98BD92636C2CD000DAF36 /* Model */,
				DF07E67C263527D600EE70B0 /* Assets.xcassets */,
				DF07E67E263527D600EE70B0 /* LaunchScreen.storyboard */,
				DF07E681263527D600EE70B0 /* Info.plist */,
				DF07E679263527D500EE70B0 /* AnotherWorld.xcdatamodeld */,
				DFAA2C0B2635B6F000562DD6 /* Fonts */,
			);
			path = AnotherWorld;
			sourceTree = "<group>";
		};
		DFAA2C0B2635B6F000562DD6 /* Fonts */ = {
			isa = PBXGroup;
			children = (
				DFAA2C132635B73800562DD6 /* Sora-Bold.ttf */,
				DFAA2C0D2635B73800562DD6 /* Sora-ExtraBold.ttf */,
				DFAA2C0E2635B73800562DD6 /* Sora-Light.ttf */,
				DFAA2C112635B73800562DD6 /* Sora-Medium.ttf */,
				DFAA2C0F2635B73800562DD6 /* Sora-Regular.ttf */,
				DFAA2C142635B73800562DD6 /* Sora-SemiBold.ttf */,
				DFAA2C102635B73800562DD6 /* Sora-Thin.ttf */,
			);
			path = Fonts;
			sourceTree = "<group>";
			usesTabs = 0;
		};
		DFB98BD92636C2CD000DAF36 /* Model */ = {
			isa = PBXGroup;
			children = (
			);
			path = Model;
			sourceTree = "<group>";
		};
		DFB98BDA2636C2D1000DAF36 /* View */ = {
			isa = PBXGroup;
			children = (
				DF07E676263527D500EE70B0 /* Main.storyboard */,
				DFD174152636C5D40037A2F1 /* IconTextField.swift */,
				DFD174192636E77A0037A2F1 /* LongButton.swift */,
			);
			path = View;
			sourceTree = "<group>";
		};
		DFB98BDB2636C2E7000DAF36 /* Controller */ = {
			isa = PBXGroup;
			children = (
				DF07E670263527D500EE70B0 /* AppDelegate.swift */,
				DF07E672263527D500EE70B0 /* SceneDelegate.swift */,
				DF07E674263527D500EE70B0 /* ViewController.swift */,
				DFD1741C263727900037A2F1 /* SignUpViewController.swift */,
			);
			path = Controller;
			sourceTree = "<group>";
		};
/* End PBXGroup section */

/* Begin PBXNativeTarget section */
		DF07E66C263527D500EE70B0 /* AnotherWorld */ = {
			isa = PBXNativeTarget;
			buildConfigurationList = DF07E684263527D600EE70B0 /* Build configuration list for PBXNativeTarget "AnotherWorld" */;
			buildPhases = (
				DF07E669263527D500EE70B0 /* Sources */,
				DF07E66A263527D500EE70B0 /* Frameworks */,
				DF07E66B263527D500EE70B0 /* Resources */,
			);
			buildRules = (
			);
			dependencies = (
			);
			name = AnotherWorld;
			productName = AnotherWorld;
			productReference = DF07E66D263527D500EE70B0 /* AnotherWorld.app */;
			productType = "com.apple.product-type.application";
		};
/* End PBXNativeTarget section */

/* Begin PBXProject section */
		DF07E665263527D500EE70B0 /* Project object */ = {
			isa = PBXProject;
			attributes = {
				LastSwiftUpdateCheck = 1220;
				LastUpgradeCheck = 1220;
				TargetAttributes = {
					DF07E66C263527D500EE70B0 = {
						CreatedOnToolsVersion = 12.2;
					};
				};
			};
			buildConfigurationList = DF07E668263527D500EE70B0 /* Build configuration list for PBXProject "AnotherWorld" */;
			compatibilityVersion = "Xcode 9.3";
			developmentRegion = en;
			hasScannedForEncodings = 0;
			knownRegions = (
				en,
				Base,
			);
			mainGroup = DF07E664263527D500EE70B0;
			productRefGroup = DF07E66E263527D500EE70B0 /* Products */;
			projectDirPath = "";
			projectRoot = "";
			targets = (
				DF07E66C263527D500EE70B0 /* AnotherWorld */,
			);
		};
/* End PBXProject section */

/* Begin PBXResourcesBuildPhase section */
		DF07E66B263527D500EE70B0 /* Resources */ = {
			isa = PBXResourcesBuildPhase;
			buildActionMask = 2147483647;
			files = (
				DF07E680263527D600EE70B0 /* LaunchScreen.storyboard in Resources */,
				DFAA2C1C2635B73800562DD6 /* Sora-SemiBold.ttf in Resources */,
				DFAA2C152635B73800562DD6 /* Sora-ExtraBold.ttf in Resources */,
				DFAA2C182635B73800562DD6 /* Sora-Thin.ttf in Resources */,
				DFAA2C162635B73800562DD6 /* Sora-Light.ttf in Resources */,
				DF07E67D263527D600EE70B0 /* Assets.xcassets in Resources */,
				DFAA2C172635B73800562DD6 /* Sora-Regular.ttf in Resources */,
				DFAA2C192635B73800562DD6 /* Sora-Medium.ttf in Resources */,
				DFAA2C1B2635B73800562DD6 /* Sora-Bold.ttf in Resources */,
				DF07E678263527D500EE70B0 /* Main.storyboard in Resources */,
			);
			runOnlyForDeploymentPostprocessing = 0;
		};
/* End PBXResourcesBuildPhase section */

/* Begin PBXSourcesBuildPhase section */
		DF07E669263527D500EE70B0 /* Sources */ = {
			isa = PBXSourcesBuildPhase;
			buildActionMask = 2147483647;
			files = (
				DF07E675263527D500EE70B0 /* ViewController.swift in Sources */,
				DFD1741D263727900037A2F1 /* SignUpViewController.swift in Sources */,
				DFD1741A2636E77A0037A2F1 /* LongButton.swift in Sources */,
				DF07E671263527D500EE70B0 /* AppDelegate.swift in Sources */,
				DFD174162636C5D40037A2F1 /* IconTextField.swift in Sources */,
				DF07E67B263527D500EE70B0 /* AnotherWorld.xcdatamodeld in Sources */,
				DF07E673263527D500EE70B0 /* SceneDelegate.swift in Sources */,
			);
			runOnlyForDeploymentPostprocessing = 0;
		};
/* End PBXSourcesBuildPhase section */

/* Begin PBXVariantGroup section */
		DF07E676263527D500EE70B0 /* Main.storyboard */ = {
			isa = PBXVariantGroup;
			children = (
				DF07E677263527D500EE70B0 /* Base */,
			);
			name = Main.storyboard;
			sourceTree = "<group>";
		};
		DF07E67E263527D600EE70B0 /* LaunchScreen.storyboard */ = {
			isa = PBXVariantGroup;
			children = (
				DF07E67F263527D600EE70B0 /* Base */,
			);
			name = LaunchScreen.storyboard;
			sourceTree = "<group>";
		};
/* End PBXVariantGroup section */

/* Begin XCBuildConfiguration section */
		DF07E682263527D600EE70B0 /* Debug */ = {
			isa = XCBuildConfiguration;
			buildSettings = {
				ALWAYS_SEARCH_USER_PATHS = NO;
				CLANG_ANALYZER_NONNULL = YES;
				CLANG_ANALYZER_NUMBER_OBJECT_CONVERSION = YES_AGGRESSIVE;
				CLANG_CXX_LANGUAGE_STANDARD = "gnu++14";
				CLANG_CXX_LIBRARY = "libc++";
				CLANG_ENABLE_MODULES = YES;
				CLANG_ENABLE_OBJC_ARC = YES;
				CLANG_ENABLE_OBJC_WEAK = YES;
				CLANG_WARN_BLOCK_CAPTURE_AUTORELEASING = YES;
				CLANG_WARN_BOOL_CONVERSION = YES;
				CLANG_WARN_COMMA = YES;
				CLANG_WARN_CONSTANT_CONVERSION = YES;
				CLANG_WARN_DEPRECATED_OBJC_IMPLEMENTATIONS = YES;
				CLANG_WARN_DIRECT_OBJC_ISA_USAGE = YES_ERROR;
				CLANG_WARN_DOCUMENTATION_COMMENTS = YES;
				CLANG_WARN_EMPTY_BODY = YES;
				CLANG_WARN_ENUM_CONVERSION = YES;
				CLANG_WARN_INFINITE_RECURSION = YES;
				CLANG_WARN_INT_CONVERSION = YES;
				CLANG_WARN_NON_LITERAL_NULL_CONVERSION = YES;
				CLANG_WARN_OBJC_IMPLICIT_RETAIN_SELF = YES;
				CLANG_WARN_OBJC_LITERAL_CONVERSION = YES;
				CLANG_WARN_OBJC_ROOT_CLASS = YES_ERROR;
				CLANG_WARN_QUOTED_INCLUDE_IN_FRAMEWORK_HEADER = YES;
				CLANG_WARN_RANGE_LOOP_ANALYSIS = YES;
				CLANG_WARN_STRICT_PROTOTYPES = YES;
				CLANG_WARN_SUSPICIOUS_MOVE = YES;
				CLANG_WARN_UNGUARDED_AVAILABILITY = YES_AGGRESSIVE;
				CLANG_WARN_UNREACHABLE_CODE = YES;
				CLANG_WARN__DUPLICATE_METHOD_MATCH = YES;
				COPY_PHASE_STRIP = NO;
				DEBUG_INFORMATION_FORMAT = dwarf;
				ENABLE_STRICT_OBJC_MSGSEND = YES;
				ENABLE_TESTABILITY = YES;
				GCC_C_LANGUAGE_STANDARD = gnu11;
				GCC_DYNAMIC_NO_PIC = NO;
				GCC_NO_COMMON_BLOCKS = YES;
				GCC_OPTIMIZATION_LEVEL = 0;
				GCC_PREPROCESSOR_DEFINITIONS = (
					"DEBUG=1",
					"$(inherited)",
				);
				GCC_WARN_64_TO_32_BIT_CONVERSION = YES;
				GCC_WARN_ABOUT_RETURN_TYPE = YES_ERROR;
				GCC_WARN_UNDECLARED_SELECTOR = YES;
				GCC_WARN_UNINITIALIZED_AUTOS = YES_AGGRESSIVE;
				GCC_WARN_UNUSED_FUNCTION = YES;
				GCC_WARN_UNUSED_VARIABLE = YES;
				IPHONEOS_DEPLOYMENT_TARGET = 14.2;
				MTL_ENABLE_DEBUG_INFO = INCLUDE_SOURCE;
				MTL_FAST_MATH = YES;
				ONLY_ACTIVE_ARCH = YES;
				SDKROOT = iphoneos;
				SWIFT_ACTIVE_COMPILATION_CONDITIONS = DEBUG;
				SWIFT_OPTIMIZATION_LEVEL = "-Onone";
			};
			name = Debug;
		};
		DF07E683263527D600EE70B0 /* Release */ = {
			isa = XCBuildConfiguration;
			buildSettings = {
				ALWAYS_SEARCH_USER_PATHS = NO;
				CLANG_ANALYZER_NONNULL = YES;
				CLANG_ANALYZER_NUMBER_OBJECT_CONVERSION = YES_AGGRESSIVE;
				CLANG_CXX_LANGUAGE_STANDARD = "gnu++14";
				CLANG_CXX_LIBRARY = "libc++";
				CLANG_ENABLE_MODULES = YES;
				CLANG_ENABLE_OBJC_ARC = YES;
				CLANG_ENABLE_OBJC_WEAK = YES;
				CLANG_WARN_BLOCK_CAPTURE_AUTORELEASING = YES;
				CLANG_WARN_BOOL_CONVERSION = YES;
				CLANG_WARN_COMMA = YES;
				CLANG_WARN_CONSTANT_CONVERSION = YES;
				CLANG_WARN_DEPRECATED_OBJC_IMPLEMENTATIONS = YES;
				CLANG_WARN_DIRECT_OBJC_ISA_USAGE = YES_ERROR;
				CLANG_WARN_DOCUMENTATION_COMMENTS = YES;
				CLANG_WARN_EMPTY_BODY = YES;
				CLANG_WARN_ENUM_CONVERSION = YES;
				CLANG_WARN_INFINITE_RECURSION = YES;
				CLANG_WARN_INT_CONVERSION = YES;
				CLANG_WARN_NON_LITERAL_NULL_CONVERSION = YES;
				CLANG_WARN_OBJC_IMPLICIT_RETAIN_SELF = YES;
				CLANG_WARN_OBJC_LITERAL_CONVERSION = YES;
				CLANG_WARN_OBJC_ROOT_CLASS = YES_ERROR;
				CLANG_WARN_QUOTED_INCLUDE_IN_FRAMEWORK_HEADER = YES;
				CLANG_WARN_RANGE_LOOP_ANALYSIS = YES;
				CLANG_WARN_STRICT_PROTOTYPES = YES;
				CLANG_WARN_SUSPICIOUS_MOVE = YES;
				CLANG_WARN_UNGUARDED_AVAILABILITY = YES_AGGRESSIVE;
				CLANG_WARN_UNREACHABLE_CODE = YES;
				CLANG_WARN__DUPLICATE_METHOD_MATCH = YES;
				COPY_PHASE_STRIP = NO;
				DEBUG_INFORMATION_FORMAT = "dwarf-with-dsym";
				ENABLE_NS_ASSERTIONS = NO;
				ENABLE_STRICT_OBJC_MSGSEND = YES;
				GCC_C_LANGUAGE_STANDARD = gnu11;
				GCC_NO_COMMON_BLOCKS = YES;
				GCC_WARN_64_TO_32_BIT_CONVERSION = YES;
				GCC_WARN_ABOUT_RETURN_TYPE = YES_ERROR;
				GCC_WARN_UNDECLARED_SELECTOR = YES;
				GCC_WARN_UNINITIALIZED_AUTOS = YES_AGGRESSIVE;
				GCC_WARN_UNUSED_FUNCTION = YES;
				GCC_WARN_UNUSED_VARIABLE = YES;
				IPHONEOS_DEPLOYMENT_TARGET = 14.2;
				MTL_ENABLE_DEBUG_INFO = NO;
				MTL_FAST_MATH = YES;
				SDKROOT = iphoneos;
				SWIFT_COMPILATION_MODE = wholemodule;
				SWIFT_OPTIMIZATION_LEVEL = "-O";
				VALIDATE_PRODUCT = YES;
			};
			name = Release;
		};
		DF07E685263527D600EE70B0 /* Debug */ = {
			isa = XCBuildConfiguration;
			buildSettings = {
				ASSETCATALOG_COMPILER_APPICON_NAME = AppIcon;
				ASSETCATALOG_COMPILER_GLOBAL_ACCENT_COLOR_NAME = AccentColor;
				CODE_SIGN_STYLE = Automatic;
				DEVELOPMENT_TEAM = WCGD9W3KC2;
				INFOPLIST_FILE = AnotherWorld/Info.plist;
				LD_RUNPATH_SEARCH_PATHS = (
					"$(inherited)",
					"@executable_path/Frameworks",
				);
				PRODUCT_BUNDLE_IDENTIFIER = com.aiden.AnotherWorld;
				PRODUCT_NAME = "$(TARGET_NAME)";
				SWIFT_VERSION = 5.0;
				TARGETED_DEVICE_FAMILY = "1,2";
			};
			name = Debug;
		};
		DF07E686263527D600EE70B0 /* Release */ = {
			isa = XCBuildConfiguration;
			buildSettings = {
				ASSETCATALOG_COMPILER_APPICON_NAME = AppIcon;
				ASSETCATALOG_COMPILER_GLOBAL_ACCENT_COLOR_NAME = AccentColor;
				CODE_SIGN_STYLE = Automatic;
				DEVELOPMENT_TEAM = WCGD9W3KC2;
				INFOPLIST_FILE = AnotherWorld/Info.plist;
				LD_RUNPATH_SEARCH_PATHS = (
					"$(inherited)",
					"@executable_path/Frameworks",
				);
				PRODUCT_BUNDLE_IDENTIFIER = com.aiden.AnotherWorld;
				PRODUCT_NAME = "$(TARGET_NAME)";
				SWIFT_VERSION = 5.0;
				TARGETED_DEVICE_FAMILY = "1,2";
			};
			name = Release;
		};
/* End XCBuildConfiguration section */

/* Begin XCConfigurationList section */
		DF07E668263527D500EE70B0 /* Build configuration list for PBXProject "AnotherWorld" */ = {
			isa = XCConfigurationList;
			buildConfigurations = (
				DF07E682263527D600EE70B0 /* Debug */,
				DF07E683263527D600EE70B0 /* Release */,
			);
			defaultConfigurationIsVisible = 0;
			defaultConfigurationName = Release;
		};
		DF07E684263527D600EE70B0 /* Build configuration list for PBXNativeTarget "AnotherWorld" */ = {
			isa = XCConfigurationList;
			buildConfigurations = (
				DF07E685263527D600EE70B0 /* Debug */,
				DF07E686263527D600EE70B0 /* Release */,
			);
			defaultConfigurationIsVisible = 0;
			defaultConfigurationName = Release;
		};
/* End XCConfigurationList section */

/* Begin XCVersionGroup section */
		DF07E679263527D500EE70B0 /* AnotherWorld.xcdatamodeld */ = {
			isa = XCVersionGroup;
			children = (
				DF07E67A263527D500EE70B0 /* AnotherWorld.xcdatamodel */,
			);
			currentVersion = DF07E67A263527D500EE70B0 /* AnotherWorld.xcdatamodel */;
			path = AnotherWorld.xcdatamodeld;
			sourceTree = "<group>";
			versionGroupType = wrapper.xcdatamodel;
		};
/* End XCVersionGroup section */
	};
	rootObject = DF07E665263527D500EE70B0 /* Project object */;
}
