// !$*UTF8*$!
{
	archiveVersion = 1;
	classes = {
	};
	objectVersion = 51;
	objects = {

/* Begin PBXBuildFile section */
		DF07E678263527D500EE70B0 /* Main.storyboard in Resources */ = {isa = PBXBuildFile; fileRef = DF07E676263527D500EE70B0 /* Main.storyboard */; };
		DF07E67D263527D600EE70B0 /* Assets.xcassets in Resources */ = {isa = PBXBuildFile; fileRef = DF07E67C263527D600EE70B0 /* Assets.xcassets */; };
		DF07E680263527D600EE70B0 /* LaunchScreen.storyboard in Resources */ = {isa = PBXBuildFile; fileRef = DF07E67E263527D600EE70B0 /* LaunchScreen.storyboard */; };
		DF2F01BF264F8E0600A24787 /* AttractionTableViewCell.xib in Resources */ = {isa = PBXBuildFile; fileRef = DF2F01BE264F8E0600A24787 /* AttractionTableViewCell.xib */; };
		DF44F0CF26E134DA00C726C5 /* DiaryCollectionViewCell.swift in Sources */ = {isa = PBXBuildFile; fileRef = DF44F0C426E134D900C726C5 /* DiaryCollectionViewCell.swift */; };
		DF44F0D026E134DA00C726C5 /* ProfileViewController.swift in Sources */ = {isa = PBXBuildFile; fileRef = DF44F0C526E134DA00C726C5 /* ProfileViewController.swift */; };
		DF44F0D226E134DA00C726C5 /* AttractionTableViewCell.swift in Sources */ = {isa = PBXBuildFile; fileRef = DF44F0C726E134DA00C726C5 /* AttractionTableViewCell.swift */; };
		DF44F0D626E134DA00C726C5 /* SignInViewController.swift in Sources */ = {isa = PBXBuildFile; fileRef = DF44F0CB26E134DA00C726C5 /* SignInViewController.swift */; };
		DF44F0D726E134DA00C726C5 /* MapViewController.swift in Sources */ = {isa = PBXBuildFile; fileRef = DF44F0CC26E134DA00C726C5 /* MapViewController.swift */; };
		DF44F0DF26E135C000C726C5 /* K.swift in Sources */ = {isa = PBXBuildFile; fileRef = DF44F0DA26E135C000C726C5 /* K.swift */; };
		DF44F0E026E135C000C726C5 /* Diary.swift in Sources */ = {isa = PBXBuildFile; fileRef = DF44F0DB26E135C000C726C5 /* Diary.swift */; };
		DF44F0E126E135C000C726C5 /* ApiKeys.swift in Sources */ = {isa = PBXBuildFile; fileRef = DF44F0DC26E135C000C726C5 /* ApiKeys.swift */; };
		DF44F0E326E135C000C726C5 /* Attraction.swift in Sources */ = {isa = PBXBuildFile; fileRef = DF44F0DE26E135C000C726C5 /* Attraction.swift */; };
		DF44F0ED26E135EB00C726C5 /* DiaryCollectionHeader.xib in Resources */ = {isa = PBXBuildFile; fileRef = DF44F0E426E135EB00C726C5 /* DiaryCollectionHeader.xib */; };
		DF44F0F026E135EB00C726C5 /* DiaryCollectionHeader.swift in Sources */ = {isa = PBXBuildFile; fileRef = DF44F0E726E135EB00C726C5 /* DiaryCollectionHeader.swift */; };
		DF44F0F126E135EB00C726C5 /* IconTextField.swift in Sources */ = {isa = PBXBuildFile; fileRef = DF44F0E826E135EB00C726C5 /* IconTextField.swift */; };
		DF44F0F526E135EB00C726C5 /* DiaryCollectionViewCell.xib in Resources */ = {isa = PBXBuildFile; fileRef = DF44F0EC26E135EB00C726C5 /* DiaryCollectionViewCell.xib */; };
		DF44F0FC26E1363F00C726C5 /* GoogleService-Info.plist in Resources */ = {isa = PBXBuildFile; fileRef = DF44F0F626E1363F00C726C5 /* GoogleService-Info.plist */; };
		DF44F0FD26E1363F00C726C5 /* AppDelegate.swift in Sources */ = {isa = PBXBuildFile; fileRef = DF44F0F726E1363F00C726C5 /* AppDelegate.swift */; };
		DF44F0FF26E1363F00C726C5 /* SceneDelegate.swift in Sources */ = {isa = PBXBuildFile; fileRef = DF44F0F926E1363F00C726C5 /* SceneDelegate.swift */; };
		DF44F10026E1363F00C726C5 /* AnotherWorld.xcdatamodeld in Sources */ = {isa = PBXBuildFile; fileRef = DF44F0FA26E1363F00C726C5 /* AnotherWorld.xcdatamodeld */; };
		DF44F11926E1378C00C726C5 /* SF-Pro-Rounded-Regular.otf in Resources */ = {isa = PBXBuildFile; fileRef = DF44F10226E1378B00C726C5 /* SF-Pro-Rounded-Regular.otf */; };
		DF44F11A26E1378C00C726C5 /* SF-Pro-Rounded-Ultralight.otf in Resources */ = {isa = PBXBuildFile; fileRef = DF44F10326E1378B00C726C5 /* SF-Pro-Rounded-Ultralight.otf */; };
		DF44F12826E1378C00C726C5 /* SF-Pro-Rounded-Medium.otf in Resources */ = {isa = PBXBuildFile; fileRef = DF44F11126E1378C00C726C5 /* SF-Pro-Rounded-Medium.otf */; };
		DF44F12A26E1378C00C726C5 /* SF-Pro-Rounded-Semibold.otf in Resources */ = {isa = PBXBuildFile; fileRef = DF44F11326E1378C00C726C5 /* SF-Pro-Rounded-Semibold.otf */; };
		DF44F12E26E1378C00C726C5 /* SF-Pro-Rounded-Thin.otf in Resources */ = {isa = PBXBuildFile; fileRef = DF44F11726E1378C00C726C5 /* SF-Pro-Rounded-Thin.otf */; };
		DF44F13026E3410900C726C5 /* DiaryCollectionViewController.swift in Sources */ = {isa = PBXBuildFile; fileRef = DF44F12F26E3410900C726C5 /* DiaryCollectionViewController.swift */; };
		DF46E953263E544900813EC4 /* ProfileSearchBar.swift in Sources */ = {isa = PBXBuildFile; fileRef = DF46E952263E544900813EC4 /* ProfileSearchBar.swift */; };
		DF733D3526E65CE000B09530 /* DiaryViewController.swift in Sources */ = {isa = PBXBuildFile; fileRef = DF733D3426E65CE000B09530 /* DiaryViewController.swift */; };
		DF733D3726EA638A00B09530 /* EditDiaryViewController.swift in Sources */ = {isa = PBXBuildFile; fileRef = DF733D3626EA638A00B09530 /* EditDiaryViewController.swift */; };
		DF733D5B26ED119C00B09530 /* SF-Pro-Rounded-Bold.otf in Resources */ = {isa = PBXBuildFile; fileRef = DF733D5A26ED119C00B09530 /* SF-Pro-Rounded-Bold.otf */; };
		DFD1741A2636E77A0037A2F1 /* LongButton.swift in Sources */ = {isa = PBXBuildFile; fileRef = DFD174192636E77A0037A2F1 /* LongButton.swift */; };
		DFD1741D263727900037A2F1 /* SignUpViewController.swift in Sources */ = {isa = PBXBuildFile; fileRef = DFD1741C263727900037A2F1 /* SignUpViewController.swift */; };
		DFD7B82C263DA666003E43B2 /* MapViewController.swift in Sources */ = {isa = PBXBuildFile; fileRef = DFD7B82B263DA666003E43B2 /* MapViewController.swift */; };
		FD84EC71B1997974C94B9A66 /* libPods-AnotherWorld.a in Frameworks */ = {isa = PBXBuildFile; fileRef = 65DF7D1CCC141F691248C925 /* libPods-AnotherWorld.a */; };
/* End PBXBuildFile section */

/* Begin PBXFileReference section */
		0D0A52878B7B162BC0ED106D /* Pods-AnotherWorld.debug.xcconfig */ = {isa = PBXFileReference; includeInIndex = 1; lastKnownFileType = text.xcconfig; name = "Pods-AnotherWorld.debug.xcconfig"; path = "Target Support Files/Pods-AnotherWorld/Pods-AnotherWorld.debug.xcconfig"; sourceTree = "<group>"; };
		65DF7D1CCC141F691248C925 /* libPods-AnotherWorld.a */ = {isa = PBXFileReference; explicitFileType = archive.ar; includeInIndex = 0; path = "libPods-AnotherWorld.a"; sourceTree = BUILT_PRODUCTS_DIR; };
		BEB55F4825C8B7169B4C1063 /* Pods-AnotherWorld.release.xcconfig */ = {isa = PBXFileReference; includeInIndex = 1; lastKnownFileType = text.xcconfig; name = "Pods-AnotherWorld.release.xcconfig"; path = "Target Support Files/Pods-AnotherWorld/Pods-AnotherWorld.release.xcconfig"; sourceTree = "<group>"; };
		DF07E66D263527D500EE70B0 /* AnotherWorld.app */ = {isa = PBXFileReference; explicitFileType = wrapper.application; includeInIndex = 0; path = AnotherWorld.app; sourceTree = BUILT_PRODUCTS_DIR; };
		DF07E677263527D500EE70B0 /* Base */ = {isa = PBXFileReference; lastKnownFileType = file.storyboard; name = Base; path = Base.lproj/Main.storyboard; sourceTree = "<group>"; };
		DF07E67C263527D600EE70B0 /* Assets.xcassets */ = {isa = PBXFileReference; lastKnownFileType = folder.assetcatalog; path = Assets.xcassets; sourceTree = "<group>"; };
		DF07E67F263527D600EE70B0 /* Base */ = {isa = PBXFileReference; lastKnownFileType = file.storyboard; name = Base; path = Base.lproj/LaunchScreen.storyboard; sourceTree = "<group>"; };
		DF2F01BE264F8E0600A24787 /* AttractionTableViewCell.xib */ = {isa = PBXFileReference; lastKnownFileType = file.xib; path = AttractionTableViewCell.xib; sourceTree = "<group>"; };
		DF44F0C426E134D900C726C5 /* DiaryCollectionViewCell.swift */ = {isa = PBXFileReference; fileEncoding = 4; lastKnownFileType = sourcecode.swift; path = DiaryCollectionViewCell.swift; sourceTree = "<group>"; };
		DF44F0C526E134DA00C726C5 /* ProfileViewController.swift */ = {isa = PBXFileReference; fileEncoding = 4; lastKnownFileType = sourcecode.swift; path = ProfileViewController.swift; sourceTree = "<group>"; };
		DF44F0C726E134DA00C726C5 /* AttractionTableViewCell.swift */ = {isa = PBXFileReference; fileEncoding = 4; lastKnownFileType = sourcecode.swift; path = AttractionTableViewCell.swift; sourceTree = "<group>"; };
		DF44F0CB26E134DA00C726C5 /* SignInViewController.swift */ = {isa = PBXFileReference; fileEncoding = 4; lastKnownFileType = sourcecode.swift; path = SignInViewController.swift; sourceTree = "<group>"; };
		DF44F0CC26E134DA00C726C5 /* MapViewController.swift */ = {isa = PBXFileReference; fileEncoding = 4; lastKnownFileType = sourcecode.swift; path = MapViewController.swift; sourceTree = "<group>"; };
		DF44F0DA26E135C000C726C5 /* K.swift */ = {isa = PBXFileReference; fileEncoding = 4; lastKnownFileType = sourcecode.swift; path = K.swift; sourceTree = "<group>"; };
		DF44F0DB26E135C000C726C5 /* Diary.swift */ = {isa = PBXFileReference; fileEncoding = 4; lastKnownFileType = sourcecode.swift; path = Diary.swift; sourceTree = "<group>"; };
		DF44F0DC26E135C000C726C5 /* ApiKeys.swift */ = {isa = PBXFileReference; fileEncoding = 4; lastKnownFileType = sourcecode.swift; path = ApiKeys.swift; sourceTree = "<group>"; };
		DF44F0DE26E135C000C726C5 /* Attraction.swift */ = {isa = PBXFileReference; fileEncoding = 4; lastKnownFileType = sourcecode.swift; path = Attraction.swift; sourceTree = "<group>"; };
		DF44F0E426E135EB00C726C5 /* DiaryCollectionHeader.xib */ = {isa = PBXFileReference; fileEncoding = 4; lastKnownFileType = file.xib; path = DiaryCollectionHeader.xib; sourceTree = "<group>"; };
		DF44F0E726E135EB00C726C5 /* DiaryCollectionHeader.swift */ = {isa = PBXFileReference; fileEncoding = 4; lastKnownFileType = sourcecode.swift; path = DiaryCollectionHeader.swift; sourceTree = "<group>"; };
		DF44F0E826E135EB00C726C5 /* IconTextField.swift */ = {isa = PBXFileReference; fileEncoding = 4; lastKnownFileType = sourcecode.swift; path = IconTextField.swift; sourceTree = "<group>"; };
		DF44F0EC26E135EB00C726C5 /* DiaryCollectionViewCell.xib */ = {isa = PBXFileReference; fileEncoding = 4; lastKnownFileType = file.xib; path = DiaryCollectionViewCell.xib; sourceTree = "<group>"; };
		DF44F0F626E1363F00C726C5 /* GoogleService-Info.plist */ = {isa = PBXFileReference; fileEncoding = 4; lastKnownFileType = text.plist.xml; path = "GoogleService-Info.plist"; sourceTree = "<group>"; };
		DF44F0F726E1363F00C726C5 /* AppDelegate.swift */ = {isa = PBXFileReference; fileEncoding = 4; lastKnownFileType = sourcecode.swift; path = AppDelegate.swift; sourceTree = "<group>"; };
		DF44F0F826E1363F00C726C5 /* Info.plist */ = {isa = PBXFileReference; fileEncoding = 4; lastKnownFileType = text.plist.xml; path = Info.plist; sourceTree = "<group>"; };
		DF44F0F926E1363F00C726C5 /* SceneDelegate.swift */ = {isa = PBXFileReference; fileEncoding = 4; lastKnownFileType = sourcecode.swift; path = SceneDelegate.swift; sourceTree = "<group>"; };
		DF44F0FB26E1363F00C726C5 /* AnotherWorld.xcdatamodel */ = {isa = PBXFileReference; lastKnownFileType = wrapper.xcdatamodel; path = AnotherWorld.xcdatamodel; sourceTree = "<group>"; };
		DF44F10226E1378B00C726C5 /* SF-Pro-Rounded-Regular.otf */ = {isa = PBXFileReference; lastKnownFileType = file; path = "SF-Pro-Rounded-Regular.otf"; sourceTree = "<group>"; };
		DF44F10326E1378B00C726C5 /* SF-Pro-Rounded-Ultralight.otf */ = {isa = PBXFileReference; lastKnownFileType = file; path = "SF-Pro-Rounded-Ultralight.otf"; sourceTree = "<group>"; };
		DF44F11126E1378C00C726C5 /* SF-Pro-Rounded-Medium.otf */ = {isa = PBXFileReference; lastKnownFileType = file; path = "SF-Pro-Rounded-Medium.otf"; sourceTree = "<group>"; };
		DF44F11326E1378C00C726C5 /* SF-Pro-Rounded-Semibold.otf */ = {isa = PBXFileReference; lastKnownFileType = file; path = "SF-Pro-Rounded-Semibold.otf"; sourceTree = "<group>"; };
		DF44F11726E1378C00C726C5 /* SF-Pro-Rounded-Thin.otf */ = {isa = PBXFileReference; lastKnownFileType = file; path = "SF-Pro-Rounded-Thin.otf"; sourceTree = "<group>"; };
		DF44F12F26E3410900C726C5 /* DiaryCollectionViewController.swift */ = {isa = PBXFileReference; lastKnownFileType = sourcecode.swift; path = DiaryCollectionViewController.swift; sourceTree = "<group>"; };
		DF46E952263E544900813EC4 /* ProfileSearchBar.swift */ = {isa = PBXFileReference; lastKnownFileType = sourcecode.swift; path = ProfileSearchBar.swift; sourceTree = "<group>"; };
		DF733D3426E65CE000B09530 /* DiaryViewController.swift */ = {isa = PBXFileReference; lastKnownFileType = sourcecode.swift; path = DiaryViewController.swift; sourceTree = "<group>"; };
		DF733D3626EA638A00B09530 /* EditDiaryViewController.swift */ = {isa = PBXFileReference; lastKnownFileType = sourcecode.swift; path = EditDiaryViewController.swift; sourceTree = "<group>"; };
		DF733D5A26ED119C00B09530 /* SF-Pro-Rounded-Bold.otf */ = {isa = PBXFileReference; lastKnownFileType = file; path = "SF-Pro-Rounded-Bold.otf"; sourceTree = "<group>"; };
		DFD174192636E77A0037A2F1 /* LongButton.swift */ = {isa = PBXFileReference; lastKnownFileType = sourcecode.swift; path = LongButton.swift; sourceTree = "<group>"; };
		DFD1741C263727900037A2F1 /* SignUpViewController.swift */ = {isa = PBXFileReference; lastKnownFileType = sourcecode.swift; path = SignUpViewController.swift; sourceTree = "<group>"; };
		DFD7B82B263DA666003E43B2 /* MapViewController.swift */ = {isa = PBXFileReference; lastKnownFileType = sourcecode.swift; path = MapViewController.swift; sourceTree = "<group>"; };
/* End PBXFileReference section */

/* Begin PBXFrameworksBuildPhase section */
		DF07E66A263527D500EE70B0 /* Frameworks */ = {
			isa = PBXFrameworksBuildPhase;
			buildActionMask = 2147483647;
			files = (
				FD84EC71B1997974C94B9A66 /* libPods-AnotherWorld.a in Frameworks */,
			);
			runOnlyForDeploymentPostprocessing = 0;
		};
/* End PBXFrameworksBuildPhase section */

/* Begin PBXGroup section */
		31A60893DA69E073DAB2A544 /* Pods */ = {
			isa = PBXGroup;
			children = (
				0D0A52878B7B162BC0ED106D /* Pods-AnotherWorld.debug.xcconfig */,
				BEB55F4825C8B7169B4C1063 /* Pods-AnotherWorld.release.xcconfig */,
			);
			path = Pods;
			sourceTree = "<group>";
		};
		DF07E664263527D500EE70B0 = {
			isa = PBXGroup;
			children = (
				DF07E66F263527D500EE70B0 /* AnotherWorld */,
				DF07E66E263527D500EE70B0 /* Products */,
				31A60893DA69E073DAB2A544 /* Pods */,
				EE9BDA6CCD15CED2EBB76833 /* Frameworks */,
			);
			sourceTree = "<group>";
		};
		DF07E66E263527D500EE70B0 /* Products */ = {
			isa = PBXGroup;
			children = (
				DF07E66D263527D500EE70B0 /* AnotherWorld.app */,
			);
			name = Products;
			sourceTree = "<group>";
		};
		DF07E66F263527D500EE70B0 /* AnotherWorld */ = {
			isa = PBXGroup;
			children = (
				DFB98BD92636C2CD000DAF36 /* Model */,
				DFB98BDA2636C2D1000DAF36 /* View */,
				DFB98BDB2636C2E7000DAF36 /* Controller */,
				DFAA2C0B2635B6F000562DD6 /* Fonts */,
				DF07E67C263527D600EE70B0 /* Assets.xcassets */,
				DF44F0FA26E1363F00C726C5 /* AnotherWorld.xcdatamodeld */,
				DF44F0F726E1363F00C726C5 /* AppDelegate.swift */,
				DF44F0F626E1363F00C726C5 /* GoogleService-Info.plist */,
				DF44F0F826E1363F00C726C5 /* Info.plist */,
				DF44F0F926E1363F00C726C5 /* SceneDelegate.swift */,
				DF07E67E263527D600EE70B0 /* LaunchScreen.storyboard */,
			);
			path = AnotherWorld;
			sourceTree = "<group>";
		};
		DFAA2C0B2635B6F000562DD6 /* Fonts */ = {
			isa = PBXGroup;
			children = (
				DF44F11126E1378C00C726C5 /* SF-Pro-Rounded-Medium.otf */,
				DF44F10226E1378B00C726C5 /* SF-Pro-Rounded-Regular.otf */,
				DF44F11326E1378C00C726C5 /* SF-Pro-Rounded-Semibold.otf */,
				DF44F11726E1378C00C726C5 /* SF-Pro-Rounded-Thin.otf */,
				DF44F10326E1378B00C726C5 /* SF-Pro-Rounded-Ultralight.otf */,
				DF733D5A26ED119C00B09530 /* SF-Pro-Rounded-Bold.otf */,
			);
			path = Fonts;
			sourceTree = "<group>";
			usesTabs = 0;
		};
		DFB98BD92636C2CD000DAF36 /* Model */ = {
			isa = PBXGroup;
			children = (
				DF44F0DC26E135C000C726C5 /* ApiKeys.swift */,
				DF44F0DE26E135C000C726C5 /* Attraction.swift */,
				DF44F0DB26E135C000C726C5 /* Diary.swift */,
				DF44F0DA26E135C000C726C5 /* K.swift */,
			);
			path = Model;
			sourceTree = "<group>";
		};
		DFB98BDA2636C2D1000DAF36 /* View */ = {
			isa = PBXGroup;
			children = (
				DF07E676263527D500EE70B0 /* Main.storyboard */,
				DF44F0EC26E135EB00C726C5 /* DiaryCollectionViewCell.xib */,
				DF44F0E426E135EB00C726C5 /* DiaryCollectionHeader.xib */,
				DF2F01BE264F8E0600A24787 /* AttractionTableViewCell.xib */,
				DF44F0E826E135EB00C726C5 /* IconTextField.swift */,
				DFD174192636E77A0037A2F1 /* LongButton.swift */,
				DF46E952263E544900813EC4 /* ProfileSearchBar.swift */,
			);
			path = View;
			sourceTree = "<group>";
		};
		DFB98BDB2636C2E7000DAF36 /* Controller */ = {
			isa = PBXGroup;
			children = (
				DF44F0CB26E134DA00C726C5 /* SignInViewController.swift */,
				DFD1741C263727900037A2F1 /* SignUpViewController.swift */,
				DF44F0E726E135EB00C726C5 /* DiaryCollectionHeader.swift */,
				DFD7B82B263DA666003E43B2 /* MapViewController.swift */,
				DF44F0C726E134DA00C726C5 /* AttractionTableViewCell.swift */,
				DF44F12F26E3410900C726C5 /* DiaryCollectionViewController.swift */,
				DF44F0C426E134D900C726C5 /* DiaryCollectionViewCell.swift */,
				DF44F0CC26E134DA00C726C5 /* MapViewController.swift */,
				DF44F0C526E134DA00C726C5 /* ProfileViewController.swift */,
				DF733D3426E65CE000B09530 /* DiaryViewController.swift */,
				DF733D3626EA638A00B09530 /* EditDiaryViewController.swift */,
			);
			path = Controller;
			sourceTree = "<group>";
		};
		EE9BDA6CCD15CED2EBB76833 /* Frameworks */ = {
			isa = PBXGroup;
			children = (
				65DF7D1CCC141F691248C925 /* libPods-AnotherWorld.a */,
			);
			name = Frameworks;
			sourceTree = "<group>";
		};
/* End PBXGroup section */

/* Begin PBXNativeTarget section */
		DF07E66C263527D500EE70B0 /* AnotherWorld */ = {
			isa = PBXNativeTarget;
			buildConfigurationList = DF07E684263527D600EE70B0 /* Build configuration list for PBXNativeTarget "AnotherWorld" */;
			buildPhases = (
				0521D88D6D5721B184C65F96 /* [CP] Check Pods Manifest.lock */,
				DF07E669263527D500EE70B0 /* Sources */,
				DF07E66A263527D500EE70B0 /* Frameworks */,
				DF07E66B263527D500EE70B0 /* Resources */,
				B333629E55D91975D45D66D6 /* [CP] Copy Pods Resources */,
			);
			buildRules = (
			);
			dependencies = (
			);
			name = AnotherWorld;
			productName = AnotherWorld;
			productReference = DF07E66D263527D500EE70B0 /* AnotherWorld.app */;
			productType = "com.apple.product-type.application";
		};
/* End PBXNativeTarget section */

/* Begin PBXProject section */
		DF07E665263527D500EE70B0 /* Project object */ = {
			isa = PBXProject;
			attributes = {
				LastSwiftUpdateCheck = 1220;
				LastUpgradeCheck = 1220;
				TargetAttributes = {
					DF07E66C263527D500EE70B0 = {
						CreatedOnToolsVersion = 12.2;
					};
				};
			};
			buildConfigurationList = DF07E668263527D500EE70B0 /* Build configuration list for PBXProject "AnotherWorld" */;
			compatibilityVersion = "Xcode 9.3";
			developmentRegion = en;
			hasScannedForEncodings = 0;
			knownRegions = (
				en,
				Base,
			);
			mainGroup = DF07E664263527D500EE70B0;
			productRefGroup = DF07E66E263527D500EE70B0 /* Products */;
			projectDirPath = "";
			projectRoot = "";
			targets = (
				DF07E66C263527D500EE70B0 /* AnotherWorld */,
			);
		};
/* End PBXProject section */

/* Begin PBXResourcesBuildPhase section */
		DF07E66B263527D500EE70B0 /* Resources */ = {
			isa = PBXResourcesBuildPhase;
			buildActionMask = 2147483647;
			files = (
				DF07E680263527D600EE70B0 /* LaunchScreen.storyboard in Resources */,
				DF733D5B26ED119C00B09530 /* SF-Pro-Rounded-Bold.otf in Resources */,
				DF44F12E26E1378C00C726C5 /* SF-Pro-Rounded-Thin.otf in Resources */,
				DF44F12826E1378C00C726C5 /* SF-Pro-Rounded-Medium.otf in Resources */,
				DF2F01BF264F8E0600A24787 /* AttractionTableViewCell.xib in Resources */,
				DF44F0ED26E135EB00C726C5 /* DiaryCollectionHeader.xib in Resources */,
				DF44F0F526E135EB00C726C5 /* DiaryCollectionViewCell.xib in Resources */,
				DF44F0FC26E1363F00C726C5 /* GoogleService-Info.plist in Resources */,
				DF44F11A26E1378C00C726C5 /* SF-Pro-Rounded-Ultralight.otf in Resources */,
				DF44F12A26E1378C00C726C5 /* SF-Pro-Rounded-Semibold.otf in Resources */,
				DF44F11926E1378C00C726C5 /* SF-Pro-Rounded-Regular.otf in Resources */,
				DF07E67D263527D600EE70B0 /* Assets.xcassets in Resources */,
				DF07E678263527D500EE70B0 /* Main.storyboard in Resources */,
			);
			runOnlyForDeploymentPostprocessing = 0;
		};
/* End PBXResourcesBuildPhase section */

/* Begin PBXShellScriptBuildPhase section */
		0521D88D6D5721B184C65F96 /* [CP] Check Pods Manifest.lock */ = {
			isa = PBXShellScriptBuildPhase;
			buildActionMask = 2147483647;
			files = (
			);
			inputFileListPaths = (
			);
			inputPaths = (
				"${PODS_PODFILE_DIR_PATH}/Podfile.lock",
				"${PODS_ROOT}/Manifest.lock",
			);
			name = "[CP] Check Pods Manifest.lock";
			outputFileListPaths = (
			);
			outputPaths = (
				"$(DERIVED_FILE_DIR)/Pods-AnotherWorld-checkManifestLockResult.txt",
			);
			runOnlyForDeploymentPostprocessing = 0;
			shellPath = /bin/sh;
			shellScript = "diff \"${PODS_PODFILE_DIR_PATH}/Podfile.lock\" \"${PODS_ROOT}/Manifest.lock\" > /dev/null\nif [ $? != 0 ] ; then\n    # print error to STDERR\n    echo \"error: The sandbox is not in sync with the Podfile.lock. Run 'pod install' or update your CocoaPods installation.\" >&2\n    exit 1\nfi\n# This output is used by Xcode 'outputs' to avoid re-running this script phase.\necho \"SUCCESS\" > \"${SCRIPT_OUTPUT_FILE_0}\"\n";
			showEnvVarsInLog = 0;
		};
		B333629E55D91975D45D66D6 /* [CP] Copy Pods Resources */ = {
			isa = PBXShellScriptBuildPhase;
			buildActionMask = 2147483647;
			files = (
			);
			inputFileListPaths = (
				"${PODS_ROOT}/Target Support Files/Pods-AnotherWorld/Pods-AnotherWorld-resources-${CONFIGURATION}-input-files.xcfilelist",
			);
			name = "[CP] Copy Pods Resources";
			outputFileListPaths = (
				"${PODS_ROOT}/Target Support Files/Pods-AnotherWorld/Pods-AnotherWorld-resources-${CONFIGURATION}-output-files.xcfilelist",
			);
			runOnlyForDeploymentPostprocessing = 0;
			shellPath = /bin/sh;
			shellScript = "\"${PODS_ROOT}/Target Support Files/Pods-AnotherWorld/Pods-AnotherWorld-resources.sh\"\n";
			showEnvVarsInLog = 0;
		};
/* End PBXShellScriptBuildPhase section */

/* Begin PBXSourcesBuildPhase section */
		DF07E669263527D500EE70B0 /* Sources */ = {
			isa = PBXSourcesBuildPhase;
			buildActionMask = 2147483647;
			files = (
				DF44F0D626E134DA00C726C5 /* SignInViewController.swift in Sources */,
				DF44F0E326E135C000C726C5 /* Attraction.swift in Sources */,
				DF44F0FD26E1363F00C726C5 /* AppDelegate.swift in Sources */,
				DF44F0FF26E1363F00C726C5 /* SceneDelegate.swift in Sources */,
				DF46E953263E544900813EC4 /* ProfileSearchBar.swift in Sources */,
				DF44F0CF26E134DA00C726C5 /* DiaryCollectionViewCell.swift in Sources */,
				DF44F0F126E135EB00C726C5 /* IconTextField.swift in Sources */,
				DFD1741D263727900037A2F1 /* SignUpViewController.swift in Sources */,
				DF44F0F026E135EB00C726C5 /* DiaryCollectionHeader.swift in Sources */,
				DF733D3726EA638A00B09530 /* EditDiaryViewController.swift in Sources */,
				DF44F0D726E134DA00C726C5 /* MapViewController.swift in Sources */,
				DF44F10026E1363F00C726C5 /* AnotherWorld.xcdatamodeld in Sources */,
				DF44F13026E3410900C726C5 /* DiaryCollectionViewController.swift in Sources */,
				DF44F0D026E134DA00C726C5 /* ProfileViewController.swift in Sources */,
				DFD1741A2636E77A0037A2F1 /* LongButton.swift in Sources */,
				DF44F0D226E134DA00C726C5 /* AttractionTableViewCell.swift in Sources */,
				DF44F0E026E135C000C726C5 /* Diary.swift in Sources */,
				DF733D3526E65CE000B09530 /* DiaryViewController.swift in Sources */,
				DF44F0E126E135C000C726C5 /* ApiKeys.swift in Sources */,
				DF44F0DF26E135C000C726C5 /* K.swift in Sources */,
				DFD7B82C263DA666003E43B2 /* MapViewController.swift in Sources */,
			);
			runOnlyForDeploymentPostprocessing = 0;
		};
/* End PBXSourcesBuildPhase section */

/* Begin PBXVariantGroup section */
		DF07E676263527D500EE70B0 /* Main.storyboard */ = {
			isa = PBXVariantGroup;
			children = (
				DF07E677263527D500EE70B0 /* Base */,
			);
			name = Main.storyboard;
			sourceTree = "<group>";
		};
		DF07E67E263527D600EE70B0 /* LaunchScreen.storyboard */ = {
			isa = PBXVariantGroup;
			children = (
				DF07E67F263527D600EE70B0 /* Base */,
			);
			name = LaunchScreen.storyboard;
			sourceTree = "<group>";
		};
/* End PBXVariantGroup section */

/* Begin XCBuildConfiguration section */
		DF07E682263527D600EE70B0 /* Debug */ = {
			isa = XCBuildConfiguration;
			buildSettings = {
				ALWAYS_SEARCH_USER_PATHS = NO;
				CLANG_ANALYZER_NONNULL = YES;
				CLANG_ANALYZER_NUMBER_OBJECT_CONVERSION = YES_AGGRESSIVE;
				CLANG_CXX_LANGUAGE_STANDARD = "gnu++14";
				CLANG_CXX_LIBRARY = "libc++";
				CLANG_ENABLE_MODULES = YES;
				CLANG_ENABLE_OBJC_ARC = YES;
				CLANG_ENABLE_OBJC_WEAK = YES;
				CLANG_WARN_BLOCK_CAPTURE_AUTORELEASING = YES;
				CLANG_WARN_BOOL_CONVERSION = YES;
				CLANG_WARN_COMMA = YES;
				CLANG_WARN_CONSTANT_CONVERSION = YES;
				CLANG_WARN_DEPRECATED_OBJC_IMPLEMENTATIONS = YES;
				CLANG_WARN_DIRECT_OBJC_ISA_USAGE = YES_ERROR;
				CLANG_WARN_DOCUMENTATION_COMMENTS = YES;
				CLANG_WARN_EMPTY_BODY = YES;
				CLANG_WARN_ENUM_CONVERSION = YES;
				CLANG_WARN_INFINITE_RECURSION = YES;
				CLANG_WARN_INT_CONVERSION = YES;
				CLANG_WARN_NON_LITERAL_NULL_CONVERSION = YES;
				CLANG_WARN_OBJC_IMPLICIT_RETAIN_SELF = YES;
				CLANG_WARN_OBJC_LITERAL_CONVERSION = YES;
				CLANG_WARN_OBJC_ROOT_CLASS = YES_ERROR;
				CLANG_WARN_QUOTED_INCLUDE_IN_FRAMEWORK_HEADER = YES;
				CLANG_WARN_RANGE_LOOP_ANALYSIS = YES;
				CLANG_WARN_STRICT_PROTOTYPES = YES;
				CLANG_WARN_SUSPICIOUS_MOVE = YES;
				CLANG_WARN_UNGUARDED_AVAILABILITY = YES_AGGRESSIVE;
				CLANG_WARN_UNREACHABLE_CODE = YES;
				CLANG_WARN__DUPLICATE_METHOD_MATCH = YES;
				COPY_PHASE_STRIP = NO;
				DEBUG_INFORMATION_FORMAT = dwarf;
				ENABLE_STRICT_OBJC_MSGSEND = YES;
				ENABLE_TESTABILITY = YES;
				GCC_C_LANGUAGE_STANDARD = gnu11;
				GCC_DYNAMIC_NO_PIC = NO;
				GCC_NO_COMMON_BLOCKS = YES;
				GCC_OPTIMIZATION_LEVEL = 0;
				GCC_PREPROCESSOR_DEFINITIONS = (
					"DEBUG=1",
					"$(inherited)",
				);
				GCC_WARN_64_TO_32_BIT_CONVERSION = YES;
				GCC_WARN_ABOUT_RETURN_TYPE = YES_ERROR;
				GCC_WARN_UNDECLARED_SELECTOR = YES;
				GCC_WARN_UNINITIALIZED_AUTOS = YES_AGGRESSIVE;
				GCC_WARN_UNUSED_FUNCTION = YES;
				GCC_WARN_UNUSED_VARIABLE = YES;
				IPHONEOS_DEPLOYMENT_TARGET = 14.2;
				MTL_ENABLE_DEBUG_INFO = INCLUDE_SOURCE;
				MTL_FAST_MATH = YES;
				ONLY_ACTIVE_ARCH = YES;
				SDKROOT = iphoneos;
				SWIFT_ACTIVE_COMPILATION_CONDITIONS = DEBUG;
				SWIFT_OPTIMIZATION_LEVEL = "-Onone";
			};
			name = Debug;
		};
		DF07E683263527D600EE70B0 /* Release */ = {
			isa = XCBuildConfiguration;
			buildSettings = {
				ALWAYS_SEARCH_USER_PATHS = NO;
				CLANG_ANALYZER_NONNULL = YES;
				CLANG_ANALYZER_NUMBER_OBJECT_CONVERSION = YES_AGGRESSIVE;
				CLANG_CXX_LANGUAGE_STANDARD = "gnu++14";
				CLANG_CXX_LIBRARY = "libc++";
				CLANG_ENABLE_MODULES = YES;
				CLANG_ENABLE_OBJC_ARC = YES;
				CLANG_ENABLE_OBJC_WEAK = YES;
				CLANG_WARN_BLOCK_CAPTURE_AUTORELEASING = YES;
				CLANG_WARN_BOOL_CONVERSION = YES;
				CLANG_WARN_COMMA = YES;
				CLANG_WARN_CONSTANT_CONVERSION = YES;
				CLANG_WARN_DEPRECATED_OBJC_IMPLEMENTATIONS = YES;
				CLANG_WARN_DIRECT_OBJC_ISA_USAGE = YES_ERROR;
				CLANG_WARN_DOCUMENTATION_COMMENTS = YES;
				CLANG_WARN_EMPTY_BODY = YES;
				CLANG_WARN_ENUM_CONVERSION = YES;
				CLANG_WARN_INFINITE_RECURSION = YES;
				CLANG_WARN_INT_CONVERSION = YES;
				CLANG_WARN_NON_LITERAL_NULL_CONVERSION = YES;
				CLANG_WARN_OBJC_IMPLICIT_RETAIN_SELF = YES;
				CLANG_WARN_OBJC_LITERAL_CONVERSION = YES;
				CLANG_WARN_OBJC_ROOT_CLASS = YES_ERROR;
				CLANG_WARN_QUOTED_INCLUDE_IN_FRAMEWORK_HEADER = YES;
				CLANG_WARN_RANGE_LOOP_ANALYSIS = YES;
				CLANG_WARN_STRICT_PROTOTYPES = YES;
				CLANG_WARN_SUSPICIOUS_MOVE = YES;
				CLANG_WARN_UNGUARDED_AVAILABILITY = YES_AGGRESSIVE;
				CLANG_WARN_UNREACHABLE_CODE = YES;
				CLANG_WARN__DUPLICATE_METHOD_MATCH = YES;
				COPY_PHASE_STRIP = NO;
				DEBUG_INFORMATION_FORMAT = "dwarf-with-dsym";
				ENABLE_NS_ASSERTIONS = NO;
				ENABLE_STRICT_OBJC_MSGSEND = YES;
				GCC_C_LANGUAGE_STANDARD = gnu11;
				GCC_NO_COMMON_BLOCKS = YES;
				GCC_WARN_64_TO_32_BIT_CONVERSION = YES;
				GCC_WARN_ABOUT_RETURN_TYPE = YES_ERROR;
				GCC_WARN_UNDECLARED_SELECTOR = YES;
				GCC_WARN_UNINITIALIZED_AUTOS = YES_AGGRESSIVE;
				GCC_WARN_UNUSED_FUNCTION = YES;
				GCC_WARN_UNUSED_VARIABLE = YES;
				IPHONEOS_DEPLOYMENT_TARGET = 14.2;
				MTL_ENABLE_DEBUG_INFO = NO;
				MTL_FAST_MATH = YES;
				SDKROOT = iphoneos;
				SWIFT_COMPILATION_MODE = wholemodule;
				SWIFT_OPTIMIZATION_LEVEL = "-O";
				VALIDATE_PRODUCT = YES;
			};
			name = Release;
		};
		DF07E685263527D600EE70B0 /* Debug */ = {
			isa = XCBuildConfiguration;
			baseConfigurationReference = 0D0A52878B7B162BC0ED106D /* Pods-AnotherWorld.debug.xcconfig */;
			buildSettings = {
				ASSETCATALOG_COMPILER_APPICON_NAME = AppIcon;
				ASSETCATALOG_COMPILER_GLOBAL_ACCENT_COLOR_NAME = AccentColor;
				CODE_SIGN_STYLE = Automatic;
				DEVELOPMENT_TEAM = WCGD9W3KC2;
				INFOPLIST_FILE = AnotherWorld/Info.plist;
				LD_RUNPATH_SEARCH_PATHS = (
					"$(inherited)",
					"@executable_path/Frameworks",
				);
				PRODUCT_BUNDLE_IDENTIFIER = com.aiden.AnotherWorld;
				PRODUCT_NAME = "$(TARGET_NAME)";
				SWIFT_VERSION = 5.0;
				TARGETED_DEVICE_FAMILY = "1,2";
			};
			name = Debug;
		};
		DF07E686263527D600EE70B0 /* Release */ = {
			isa = XCBuildConfiguration;
			baseConfigurationReference = BEB55F4825C8B7169B4C1063 /* Pods-AnotherWorld.release.xcconfig */;
			buildSettings = {
				ASSETCATALOG_COMPILER_APPICON_NAME = AppIcon;
				ASSETCATALOG_COMPILER_GLOBAL_ACCENT_COLOR_NAME = AccentColor;
				CODE_SIGN_STYLE = Automatic;
				DEVELOPMENT_TEAM = WCGD9W3KC2;
				INFOPLIST_FILE = AnotherWorld/Info.plist;
				LD_RUNPATH_SEARCH_PATHS = (
					"$(inherited)",
					"@executable_path/Frameworks",
				);
				PRODUCT_BUNDLE_IDENTIFIER = com.aiden.AnotherWorld;
				PRODUCT_NAME = "$(TARGET_NAME)";
				SWIFT_VERSION = 5.0;
				TARGETED_DEVICE_FAMILY = "1,2";
			};
			name = Release;
		};
/* End XCBuildConfiguration section */

/* Begin XCConfigurationList section */
		DF07E668263527D500EE70B0 /* Build configuration list for PBXProject "AnotherWorld" */ = {
			isa = XCConfigurationList;
			buildConfigurations = (
				DF07E682263527D600EE70B0 /* Debug */,
				DF07E683263527D600EE70B0 /* Release */,
			);
			defaultConfigurationIsVisible = 0;
			defaultConfigurationName = Release;
		};
		DF07E684263527D600EE70B0 /* Build configuration list for PBXNativeTarget "AnotherWorld" */ = {
			isa = XCConfigurationList;
			buildConfigurations = (
				DF07E685263527D600EE70B0 /* Debug */,
				DF07E686263527D600EE70B0 /* Release */,
			);
			defaultConfigurationIsVisible = 0;
			defaultConfigurationName = Release;
		};
/* End XCConfigurationList section */

/* Begin XCVersionGroup section */
		DF44F0FA26E1363F00C726C5 /* AnotherWorld.xcdatamodeld */ = {
			isa = XCVersionGroup;
			children = (
				DF44F0FB26E1363F00C726C5 /* AnotherWorld.xcdatamodel */,
			);
			currentVersion = DF44F0FB26E1363F00C726C5 /* AnotherWorld.xcdatamodel */;
			path = AnotherWorld.xcdatamodeld;
			sourceTree = "<group>";
			versionGroupType = wrapper.xcdatamodel;
		};
/* End XCVersionGroup section */
	};
	rootObject = DF07E665263527D500EE70B0 /* Project object */;
}
